
Microsoft Visual Studio Solution File, Format Version 12.00
# Visual Studio Version 17
VisualStudioVersion = 17.9.34616.47
MinimumVisualStudioVersion = 10.0.40219.1
Project("{FAE04EC0-301F-11D3-BF4B-00C04F79EFBC}") = "w", "w\w.csproj", "{ED6D59CB-0094-49C2-A3EB-E3F28A7B76C1}"
EndProject
Global
	GlobalSection(SolutionConfigurationPlatforms) = preSolution
		Debug|Any CPU = Debug|Any CPU
		Release|Any CPU = Release|Any CPU
	EndGlobalSection
	GlobalSection(ProjectConfigurationPlatforms) = postSolution
		{ED6D59CB-0094-49C2-A3EB-E3F28A7B76C1}.Debug|Any CPU.ActiveCfg = Debug|Any CPU
		{ED6D59CB-0094-49C2-A3EB-E3F28A7B76C1}.Debug|Any CPU.Build.0 = Debug|Any CPU
		{ED6D59CB-0094-49C2-A3EB-E3F28A7B76C1}.Release|Any CPU.ActiveCfg = Release|Any CPU
		{ED6D59CB-0094-49C2-A3EB-E3F28A7B76C1}.Release|Any CPU.Build.0 = Release|Any CPU
	EndGlobalSection
	GlobalSection(SolutionProperties) = preSolution
		HideSolutionNode = FALSE
	EndGlobalSection
	GlobalSection(ExtensibilityGlobals) = postSolution
		SolutionGuid = {6571D31C-096D-4B0E-8AFD-E2DC554B593D}
	EndGlobalSection
EndGlobal
